
Microsoft Visual Studio Solution File, Format Version 12.00
# Visual Studio 14
VisualStudioVersion = 14.0.25420.1
MinimumVisualStudioVersion = 10.0.40219.1
Project("{FAE04EC0-301F-11D3-BF4B-00C04F79EFBC}") = "ConsoleApplicationTester", "ConsoleApplicationTester\ConsoleApplicationTester.csproj", "{F265C152-48B4-4E15-8511-6F5032DB7F40}"
EndProject
Project("{FAE04EC0-301F-11D3-BF4B-00C04F79EFBC}") = "DataAccesLayer", "DataAccesLayer\DataAccesLayer.csproj", "{9202F6D4-4F49-48D4-83B5-39DC74F2777D}"
EndProject
Global
	GlobalSection(SolutionConfigurationPlatforms) = preSolution
		Debug|Any CPU = Debug|Any CPU
		Release|Any CPU = Release|Any CPU
	EndGlobalSection
	GlobalSection(ProjectConfigurationPlatforms) = postSolution
		{F265C152-48B4-4E15-8511-6F5032DB7F40}.Debug|Any CPU.ActiveCfg = Debug|Any CPU
		{F265C152-48B4-4E15-8511-6F5032DB7F40}.Debug|Any CPU.Build.0 = Debug|Any CPU
		{F265C152-48B4-4E15-8511-6F5032DB7F40}.Release|Any CPU.ActiveCfg = Release|Any CPU
		{F265C152-48B4-4E15-8511-6F5032DB7F40}.Release|Any CPU.Build.0 = Release|Any CPU
		{9202F6D4-4F49-48D4-83B5-39DC74F2777D}.Debug|Any CPU.ActiveCfg = Debug|Any CPU
		{9202F6D4-4F49-48D4-83B5-39DC74F2777D}.Debug|Any CPU.Build.0 = Debug|Any CPU
		{9202F6D4-4F49-48D4-83B5-39DC74F2777D}.Release|Any CPU.ActiveCfg = Release|Any CPU
		{9202F6D4-4F49-48D4-83B5-39DC74F2777D}.Release|Any CPU.Build.0 = Release|Any CPU
	EndGlobalSection
	GlobalSection(SolutionProperties) = preSolution
		HideSolutionNode = FALSE
	EndGlobalSection
EndGlobal
